
Microsoft Visual Studio Solution File, Format Version 12.00
# Visual Studio Version 16
VisualStudioVersion = 16.0.28809.33
MinimumVisualStudioVersion = 10.0.40219.1
Project("{FAE04EC0-301F-11D3-BF4B-00C04F79EFBC}") = "Aes", "Aes\Aes.csproj", "{CDFDE000-B0D6-4A14-B209-C793DF843160}"
EndProject
Project("{FAE04EC0-301F-11D3-BF4B-00C04F79EFBC}") = "AESHash", "AESHash\AESHash.csproj", "{56E99DD2-D9DF-4B61-ADDA-6584B77775C8}"
EndProject
Global
	GlobalSection(SolutionConfigurationPlatforms) = preSolution
		Debug|Any CPU = Debug|Any CPU
		Release|Any CPU = Release|Any CPU
	EndGlobalSection
	GlobalSection(ProjectConfigurationPlatforms) = postSolution
		{CDFDE000-B0D6-4A14-B209-C793DF843160}.Debug|Any CPU.ActiveCfg = Debug|Any CPU
		{CDFDE000-B0D6-4A14-B209-C793DF843160}.Debug|Any CPU.Build.0 = Debug|Any CPU
		{CDFDE000-B0D6-4A14-B209-C793DF843160}.Release|Any CPU.ActiveCfg = Release|Any CPU
		{CDFDE000-B0D6-4A14-B209-C793DF843160}.Release|Any CPU.Build.0 = Release|Any CPU
		{56E99DD2-D9DF-4B61-ADDA-6584B77775C8}.Debug|Any CPU.ActiveCfg = Debug|Any CPU
		{56E99DD2-D9DF-4B61-ADDA-6584B77775C8}.Debug|Any CPU.Build.0 = Debug|Any CPU
		{56E99DD2-D9DF-4B61-ADDA-6584B77775C8}.Release|Any CPU.ActiveCfg = Release|Any CPU
		{56E99DD2-D9DF-4B61-ADDA-6584B77775C8}.Release|Any CPU.Build.0 = Release|Any CPU
	EndGlobalSection
	GlobalSection(SolutionProperties) = preSolution
		HideSolutionNode = FALSE
	EndGlobalSection
	GlobalSection(ExtensibilityGlobals) = postSolution
		SolutionGuid = {8D4D2609-4CF5-4F73-A613-9B986F9456D3}
	EndGlobalSection
EndGlobal
